
Microsoft Visual Studio Solution File, Format Version 12.00
# Visual Studio Version 17
VisualStudioVersion = 17.11.35312.102
MinimumVisualStudioVersion = 10.0.40219.1
Project("{FAE04EC0-301F-11D3-BF4B-00C04F79EFBC}") = "perfektni_manzelstvi", "perfektni_manzelstvi\perfektni_manzelstvi.csproj", "{23C314AC-1789-4A29-BB9A-96C0016C2914}"
EndProject
Global
	GlobalSection(SolutionConfigurationPlatforms) = preSolution
		Debug|Any CPU = Debug|Any CPU
		Release|Any CPU = Release|Any CPU
	EndGlobalSection
	GlobalSection(ProjectConfigurationPlatforms) = postSolution
		{23C314AC-1789-4A29-BB9A-96C0016C2914}.Debug|Any CPU.ActiveCfg = Debug|Any CPU
		{23C314AC-1789-4A29-BB9A-96C0016C2914}.Debug|Any CPU.Build.0 = Debug|Any CPU
		{23C314AC-1789-4A29-BB9A-96C0016C2914}.Release|Any CPU.ActiveCfg = Release|Any CPU
		{23C314AC-1789-4A29-BB9A-96C0016C2914}.Release|Any CPU.Build.0 = Release|Any CPU
	EndGlobalSection
	GlobalSection(SolutionProperties) = preSolution
		HideSolutionNode = FALSE
	EndGlobalSection
	GlobalSection(ExtensibilityGlobals) = postSolution
		SolutionGuid = {A1570D39-7F3C-4D95-AC22-890D3F0EFD6D}
	EndGlobalSection
EndGlobal
