
Microsoft Visual Studio Solution File, Format Version 12.00
# Visual Studio Version 17
VisualStudioVersion = 17.11.35312.102
MinimumVisualStudioVersion = 10.0.40219.1
Project("{FAE04EC0-301F-11D3-BF4B-00C04F79EFBC}") = "fixtree", "fixtree\fixtree.csproj", "{2D030545-883E-4ED1-8C23-D5FCB9897322}"
EndProject
Global
	GlobalSection(SolutionConfigurationPlatforms) = preSolution
		Debug|Any CPU = Debug|Any CPU
		Release|Any CPU = Release|Any CPU
	EndGlobalSection
	GlobalSection(ProjectConfigurationPlatforms) = postSolution
		{2D030545-883E-4ED1-8C23-D5FCB9897322}.Debug|Any CPU.ActiveCfg = Debug|Any CPU
		{2D030545-883E-4ED1-8C23-D5FCB9897322}.Debug|Any CPU.Build.0 = Debug|Any CPU
		{2D030545-883E-4ED1-8C23-D5FCB9897322}.Release|Any CPU.ActiveCfg = Release|Any CPU
		{2D030545-883E-4ED1-8C23-D5FCB9897322}.Release|Any CPU.Build.0 = Release|Any CPU
	EndGlobalSection
	GlobalSection(SolutionProperties) = preSolution
		HideSolutionNode = FALSE
	EndGlobalSection
	GlobalSection(ExtensibilityGlobals) = postSolution
		SolutionGuid = {8454614F-547E-4C8B-B4A4-10EB39632C10}
	EndGlobalSection
EndGlobal
