
Microsoft Visual Studio Solution File, Format Version 12.00
# Visual Studio Version 17
VisualStudioVersion = 17.14.36429.23 d17.14
MinimumVisualStudioVersion = 10.0.40219.1
Project("{FAE04EC0-301F-11D3-BF4B-00C04F79EFBC}") = "mince", "mince\mince.csproj", "{15F46597-ABC2-4995-A695-39361565D946}"
EndProject
Global
	GlobalSection(SolutionConfigurationPlatforms) = preSolution
		Debug|Any CPU = Debug|Any CPU
		Release|Any CPU = Release|Any CPU
	EndGlobalSection
	GlobalSection(ProjectConfigurationPlatforms) = postSolution
		{15F46597-ABC2-4995-A695-39361565D946}.Debug|Any CPU.ActiveCfg = Debug|Any CPU
		{15F46597-ABC2-4995-A695-39361565D946}.Debug|Any CPU.Build.0 = Debug|Any CPU
		{15F46597-ABC2-4995-A695-39361565D946}.Release|Any CPU.ActiveCfg = Release|Any CPU
		{15F46597-ABC2-4995-A695-39361565D946}.Release|Any CPU.Build.0 = Release|Any CPU
	EndGlobalSection
	GlobalSection(SolutionProperties) = preSolution
		HideSolutionNode = FALSE
	EndGlobalSection
	GlobalSection(ExtensibilityGlobals) = postSolution
		SolutionGuid = {0F0E1DD3-A038-4A27-AFF5-7D0B757833D7}
	EndGlobalSection
EndGlobal
