
Microsoft Visual Studio Solution File, Format Version 12.00
# Visual Studio Version 17
VisualStudioVersion = 17.14.36429.23 d17.14
MinimumVisualStudioVersion = 10.0.40219.1
Project("{FAE04EC0-301F-11D3-BF4B-00C04F79EFBC}") = "othello", "othello\othello.csproj", "{7FED0D04-8041-4969-B8C6-5B92F656724F}"
EndProject
Global
	GlobalSection(SolutionConfigurationPlatforms) = preSolution
		Debug|Any CPU = Debug|Any CPU
		Release|Any CPU = Release|Any CPU
	EndGlobalSection
	GlobalSection(ProjectConfigurationPlatforms) = postSolution
		{7FED0D04-8041-4969-B8C6-5B92F656724F}.Debug|Any CPU.ActiveCfg = Debug|Any CPU
		{7FED0D04-8041-4969-B8C6-5B92F656724F}.Debug|Any CPU.Build.0 = Debug|Any CPU
		{7FED0D04-8041-4969-B8C6-5B92F656724F}.Release|Any CPU.ActiveCfg = Release|Any CPU
		{7FED0D04-8041-4969-B8C6-5B92F656724F}.Release|Any CPU.Build.0 = Release|Any CPU
	EndGlobalSection
	GlobalSection(SolutionProperties) = preSolution
		HideSolutionNode = FALSE
	EndGlobalSection
	GlobalSection(ExtensibilityGlobals) = postSolution
		SolutionGuid = {7F5AEE26-24A4-4304-992E-BB3AC5975E15}
	EndGlobalSection
EndGlobal
